
Microsoft Visual Studio Solution File, Format Version 12.00
# Visual Studio Version 17
VisualStudioVersion = 17.8.34330.188
MinimumVisualStudioVersion = 10.0.40219.1
Project("{FAE04EC0-301F-11D3-BF4B-00C04F79EFBC}") = "Project", "Project\Project.csproj", "{11FC64DD-6FBE-4726-87FE-7768BF5AAE84}"
EndProject
Global
	GlobalSection(SolutionConfigurationPlatforms) = preSolution
		Debug|Any CPU = Debug|Any CPU
		Release|Any CPU = Release|Any CPU
	EndGlobalSection
	GlobalSection(ProjectConfigurationPlatforms) = postSolution
		{11FC64DD-6FBE-4726-87FE-7768BF5AAE84}.Debug|Any CPU.ActiveCfg = Debug|Any CPU
		{11FC64DD-6FBE-4726-87FE-7768BF5AAE84}.Debug|Any CPU.Build.0 = Debug|Any CPU
		{11FC64DD-6FBE-4726-87FE-7768BF5AAE84}.Release|Any CPU.ActiveCfg = Release|Any CPU
		{11FC64DD-6FBE-4726-87FE-7768BF5AAE84}.Release|Any CPU.Build.0 = Release|Any CPU
	EndGlobalSection
	GlobalSection(SolutionProperties) = preSolution
		HideSolutionNode = FALSE
	EndGlobalSection
	GlobalSection(ExtensibilityGlobals) = postSolution
		SolutionGuid = {630BB34C-B734-4CCF-9341-A49417C890F0}
	EndGlobalSection
EndGlobal
